// !$*UTF8*$!
{
	archiveVersion = 1;
	classes = {
	};
	objectVersion = 77;
	objects = {

/* Begin PBXBuildFile section */
		034FFE51B8031D178BD459AA /* InjuryAdaptationEngineTests.swift in Sources */ = {isa = PBXBuildFile; fileRef = 5BE14D56789B5D4D046EC077 /* InjuryAdaptationEngineTests.swift */; };
		04676F3624F2D21F9EBCD9B7 /* PreferenceLearnerTests.swift in Sources */ = {isa = PBXBuildFile; fileRef = 19B76B6EB35EC83351630BD5 /* PreferenceLearnerTests.swift */; };
		058C27E2B726ED56AF5B46C0 /* CyclePhaseWidget.swift in Sources */ = {isa = PBXBuildFile; fileRef = 5BB81604CE719EA30315E29D /* CyclePhaseWidget.swift */; };
		059AE0595D600B1A6CFA4029 /* BodyLocationTests.swift in Sources */ = {isa = PBXBuildFile; fileRef = 54A032584D64F402EA51F3B2 /* BodyLocationTests.swift */; };
		07DB8A527A9D53ED0AD5F270 /* ScheduleReshufflerTests.swift in Sources */ = {isa = PBXBuildFile; fileRef = B2EFCAAFBAD8AD895A1F90EA /* ScheduleReshufflerTests.swift */; };
		0A88DF7B96C3E87F7A1866C0 /* FreeSubscriptionClientTests.swift in Sources */ = {isa = PBXBuildFile; fileRef = 95F9DF55F232AE2D74ED1D66 /* FreeSubscriptionClientTests.swift */; };
		19301164E920059D33BA894B /* DataExportServiceTests.swift in Sources */ = {isa = PBXBuildFile; fileRef = 40FD43E50BA2F739D8B6D8E1 /* DataExportServiceTests.swift */; };
		1BA2CF4ACDA31B72065E0F9C /* CelebrationEventTests.swift in Sources */ = {isa = PBXBuildFile; fileRef = CB0D767209636FAA8494C1F6 /* CelebrationEventTests.swift */; };
		2619B6AD8D9E03EEDFBD94D6 /* BenchmarkReadinessTests.swift in Sources */ = {isa = PBXBuildFile; fileRef = A873EDB7628312E562E64F2E /* BenchmarkReadinessTests.swift */; };
		2AD21712204D09AC3BF1BB3F /* RecoveryScoreCalculatorTests.swift in Sources */ = {isa = PBXBuildFile; fileRef = 5E0A2BE82EC953B0F552E1F8 /* RecoveryScoreCalculatorTests.swift */; };
		2EB3CE810B38C88781A7775A /* SyncQueueStuckTests.swift in Sources */ = {isa = PBXBuildFile; fileRef = 873AA29C38E56C34A2683DF3 /* SyncQueueStuckTests.swift */; };
		33C0D484C5CC66033D1707BB /* WeeklyLoadAnalyzerTests.swift in Sources */ = {isa = PBXBuildFile; fileRef = 6F0485B86E8679F302A00B9B /* WeeklyLoadAnalyzerTests.swift */; };
		394162F420FE7B4769174AAB /* SharedSnapshotStoreTests.swift in Sources */ = {isa = PBXBuildFile; fileRef = D0DF3DE42D2DF780CB12B972 /* SharedSnapshotStoreTests.swift */; };
		4816568DA8775C15C2AA9044 /* SharedSnapshotLock.swift in Sources */ = {isa = PBXBuildFile; fileRef = A9EEF29B29D71F8A31138E21 /* SharedSnapshotLock.swift */; };
		4B5169087582F7BA2D5A4630 /* PlateauDetectorTests.swift in Sources */ = {isa = PBXBuildFile; fileRef = 9E30EF90CFB2413E86ECE2FB /* PlateauDetectorTests.swift */; };
		54CAF50B159E601338F2ECC5 /* WeightCalculatorTests.swift in Sources */ = {isa = PBXBuildFile; fileRef = 61FF1D97D48E0B82FC8CDFDE /* WeightCalculatorTests.swift */; };
		55A26C0023592648521056A9 /* UnitConverterTests.swift in Sources */ = {isa = PBXBuildFile; fileRef = 22F4CCCF5EE8AFAEF1A0C6E8 /* UnitConverterTests.swift */; };
		56152C8EE62FE3E6EB5C9300 /* CycleCalendarTests.swift in Sources */ = {isa = PBXBuildFile; fileRef = 3EB838D0DB04121777763697 /* CycleCalendarTests.swift */; };
		57C9E7984DFA95EB001DD913 /* SundeeFundeeWidgetsExtension.appex in Embed Foundation Extensions */ = {isa = PBXBuildFile; fileRef = 7C4C38D3026141D6EE494174 /* SundeeFundeeWidgetsExtension.appex */; settings = {ATTRIBUTES = (RemoveHeadersOnCopy, ); }; };
		5F20CCE6BBC34E8C108EE0EB /* ShareURLTests.swift in Sources */ = {isa = PBXBuildFile; fileRef = B2E36B64D22082283D1FFBC4 /* ShareURLTests.swift */; };
		697F00561EC9FC038BF32BCB /* ChallengeEngineTests.swift in Sources */ = {isa = PBXBuildFile; fileRef = 576220334D8170D8EF77FE5E /* ChallengeEngineTests.swift */; };
		69ED0D94816E07CAB011EB47 /* InjurySupportTests.swift in Sources */ = {isa = PBXBuildFile; fileRef = 3792BCFF3DAE7C97ABE585B8 /* InjurySupportTests.swift */; };
		6BB82AA595ADDD696CD1A4D5 /* GuestDataMigratorTests.swift in Sources */ = {isa = PBXBuildFile; fileRef = 6F2C1C2538FA1ABCD4EB36B4 /* GuestDataMigratorTests.swift */; };
		6C7CCBE02F3D68CF3F54339D /* ProgramsListViewModelTests.swift in Sources */ = {isa = PBXBuildFile; fileRef = AA62F60F8A6C0A54DB98943F /* ProgramsListViewModelTests.swift */; };
		71599DADF1D05996B790A752 /* LiveWorkoutActivityStateTests.swift in Sources */ = {isa = PBXBuildFile; fileRef = 17A00AA1FB65314654E24B21 /* LiveWorkoutActivityStateTests.swift */; };
		722FFA63F848535EB54F0106 /* AppThemeColorTests.swift in Sources */ = {isa = PBXBuildFile; fileRef = A47F84EB4E33860359C24F14 /* AppThemeColorTests.swift */; };
		73EB2641302AD8653CF6C3D9 /* ExerciseTests.swift in Sources */ = {isa = PBXBuildFile; fileRef = 399F2746BB8AE6C504E6F352 /* ExerciseTests.swift */; };
		778B30EA67AA5F432571472F /* SubstitutionRankerTests.swift in Sources */ = {isa = PBXBuildFile; fileRef = D8BF128CEC9BDCD1EB3E6C7B /* SubstitutionRankerTests.swift */; };
		81DF43067604869D93E13AFD /* CloudKitClientTests.swift in Sources */ = {isa = PBXBuildFile; fileRef = 193AB5D6436B28D5BA8884C0 /* CloudKitClientTests.swift */; };
		86D739228A403076337BA899 /* SleepDeduplicatorTests.swift in Sources */ = {isa = PBXBuildFile; fileRef = 5DFD5C5DD75D2E75DD71E7B3 /* SleepDeduplicatorTests.swift */; };
		8A212B7CC7C9A83D76BC9F4F /* SyncQueueTests.swift in Sources */ = {isa = PBXBuildFile; fileRef = 8DE3C4495A965B3DFF1ABCF6 /* SyncQueueTests.swift */; };
		94345D4D4B88907DAD891885 /* PlateCalculatorTests.swift in Sources */ = {isa = PBXBuildFile; fileRef = 64EDF3080400F6A3986CF1B1 /* PlateCalculatorTests.swift */; };
		94CFBC469A0F90AA98337938 /* WorkoutTests.swift in Sources */ = {isa = PBXBuildFile; fileRef = E8F61D5CD8005B9566EF4AB6 /* WorkoutTests.swift */; };
		AA693CC5F6012DA8505E3E98 /* SundeeFundeeKit in Frameworks */ = {isa = PBXBuildFile; productRef = E5D818355C15FD611DF98B2C /* SundeeFundeeKit */; };
		B737DBDB3636F0FB4EF66A5D /* AnalyticsViewModelTests.swift in Sources */ = {isa = PBXBuildFile; fileRef = 9C3926CE6DCAC67A87A4B36C /* AnalyticsViewModelTests.swift */; };
		B8E51F2F94483401ADAF1D47 /* CycleCalculationsTests.swift in Sources */ = {isa = PBXBuildFile; fileRef = 12BADD433D2BA29F2F735F7D /* CycleCalculationsTests.swift */; };
		B9D39C1A3CBA1F0443BC54D3 /* CyclePhaseHelperTests.swift in Sources */ = {isa = PBXBuildFile; fileRef = B4BB70A92319FA0F1C2AD710 /* CyclePhaseHelperTests.swift */; };
		BEBB052653A7324B3DF4DB19 /* LiveWorkoutWidget.swift in Sources */ = {isa = PBXBuildFile; fileRef = D397DCE979CD70EEE7CD6F64 /* LiveWorkoutWidget.swift */; };
		BF7AF483555D7D2E16B954BC /* QRBadgeTests.swift in Sources */ = {isa = PBXBuildFile; fileRef = 9F50D4788C9573517B95B7EC /* QRBadgeTests.swift */; };
		BF9CE9F5D1750BF852F0A0CE /* ChartDataAggregatorTests.swift in Sources */ = {isa = PBXBuildFile; fileRef = 078938F0E1C742945877B759 /* ChartDataAggregatorTests.swift */; };
		C016937D513C583B184BE411 /* AppIntentsTests.swift in Sources */ = {isa = PBXBuildFile; fileRef = D81DF2CE2039BADE976725C7 /* AppIntentsTests.swift */; };
		C7FB1AE00824A23591E646D0 /* App.swift in Sources */ = {isa = PBXBuildFile; fileRef = F47E72DC5446634AE7210CE4 /* App.swift */; };
		C9587E58B3DC6CD1E401ACFD /* ShareCardRendererTests.swift in Sources */ = {isa = PBXBuildFile; fileRef = B8054532B3D4DB5B894D1BB7 /* ShareCardRendererTests.swift */; };
		CAF9F9A9942B597983720135 /* ProgramTemplateGeneratorTests.swift in Sources */ = {isa = PBXBuildFile; fileRef = 3AB4593FECFCDB7D609DE436 /* ProgramTemplateGeneratorTests.swift */; };
		CC55A72B627E73DE3865884E /* Assets.xcassets in Resources */ = {isa = PBXBuildFile; fileRef = 57BCA73D87A152BF2F3A81D1 /* Assets.xcassets */; };
		CDEEAE0B6C195B251BF34329 /* WorkoutDetailViewModelTests.swift in Sources */ = {isa = PBXBuildFile; fileRef = 18CBC761D48FE613D6624632 /* WorkoutDetailViewModelTests.swift */; };
		CFDF444DB32D9E05ACF7EAA4 /* SundeeFundeeKit in Frameworks */ = {isa = PBXBuildFile; productRef = 0344363F4B100A32D7BC231D /* SundeeFundeeKit */; };
		D2AB7B3AAE66AFCA8E7D7BA9 /* DiagnosticsServiceTests.swift in Sources */ = {isa = PBXBuildFile; fileRef = A1DDA1479BACFF9CDE9565B1 /* DiagnosticsServiceTests.swift */; };
		D3572E83917E7F70FC74C58F /* ExerciseCatalogTests.swift in Sources */ = {isa = PBXBuildFile; fileRef = D56FF493E2650F71206A13CE /* ExerciseCatalogTests.swift */; };
		E08ACF0A6166DA7B90CF8C4B /* AppleAuthClientTests.swift in Sources */ = {isa = PBXBuildFile; fileRef = 8E18AFBD21E23621ECC1E35C /* AppleAuthClientTests.swift */; };
		E2EE5B36110ED2654B868760 /* CycleAdaptationPolicyTests.swift in Sources */ = {isa = PBXBuildFile; fileRef = F53C774F1992717B04436F88 /* CycleAdaptationPolicyTests.swift */; };
		E692B5C32418720446C4ECEB /* RecoveryScoreWidget.swift in Sources */ = {isa = PBXBuildFile; fileRef = F23B128E0A204D886330C1C1 /* RecoveryScoreWidget.swift */; };
		E81CFCB1EA221C8BB278C448 /* PrivacyInfo.xcprivacy in Resources */ = {isa = PBXBuildFile; fileRef = D5798C24CE84AA1EEC7D80E3 /* PrivacyInfo.xcprivacy */; };
		EBAE767DD52DEC68FF6134B3 /* ContentClientTests.swift in Sources */ = {isa = PBXBuildFile; fileRef = 224C8885364C76A608329028 /* ContentClientTests.swift */; };
		EEFE7E74DB02942D7623341F /* HealthKitClientTests.swift in Sources */ = {isa = PBXBuildFile; fileRef = 4268F719F0D7826B3758AD85 /* HealthKitClientTests.swift */; };
		F5902C9A5CAA8C490BBA0F66 /* SundeeFundeeKit in Frameworks */ = {isa = PBXBuildFile; productRef = 641F11E52B68F0FAA926FA13 /* SundeeFundeeKit */; };
		F68DA07A66C859F0E47943E3 /* AIWorkoutTests.swift in Sources */ = {isa = PBXBuildFile; fileRef = C04EB47734F796FEEC9435AB /* AIWorkoutTests.swift */; };
		F9147AFCB94E5F4DB65A9257 /* ExerciseCatalogMenuTests.swift in Sources */ = {isa = PBXBuildFile; fileRef = 7CAAC4B9739195AC9CE12490 /* ExerciseCatalogMenuTests.swift */; };
		FDFE7D618350336924B6D35C /* BenchmarkCatalogTests.swift in Sources */ = {isa = PBXBuildFile; fileRef = 6303CF2328C539A58B90B1EB /* BenchmarkCatalogTests.swift */; };
/* End PBXBuildFile section */

/* Begin PBXContainerItemProxy section */
		310C845A2DCACB62A22CD591 /* PBXContainerItemProxy */ = {
			isa = PBXContainerItemProxy;
			containerPortal = A23AA027FBDBC591792DA380 /* Project object */;
			proxyType = 1;
			remoteGlobalIDString = 6A65F4B4731A18FE7E162E4E;
			remoteInfo = SundeeFundee;
		};
		8546652E88CE8E51607AE379 /* PBXContainerItemProxy */ = {
			isa = PBXContainerItemProxy;
			containerPortal = A23AA027FBDBC591792DA380 /* Project object */;
			proxyType = 1;
			remoteGlobalIDString = 38E0473811F3273AE38A8631;
			remoteInfo = SundeeFundeeWidgetsExtension;
		};
/* End PBXContainerItemProxy section */

/* Begin PBXCopyFilesBuildPhase section */
		36E14959B1240696107D9659 /* Embed Foundation Extensions */ = {
			isa = PBXCopyFilesBuildPhase;
			buildActionMask = 2147483647;
			dstPath = "";
			dstSubfolderSpec = 13;
			files = (
				57C9E7984DFA95EB001DD913 /* SundeeFundeeWidgetsExtension.appex in Embed Foundation Extensions */,
			);
			name = "Embed Foundation Extensions";
			runOnlyForDeploymentPostprocessing = 0;
		};
/* End PBXCopyFilesBuildPhase section */

/* Begin PBXFileReference section */
		078938F0E1C742945877B759 /* ChartDataAggregatorTests.swift */ = {isa = PBXFileReference; lastKnownFileType = sourcecode.swift; path = ChartDataAggregatorTests.swift; sourceTree = "<group>"; };
		09F2CCD701D6D0EA783701B0 /* SundeeFundeeTests.xctest */ = {isa = PBXFileReference; includeInIndex = 0; lastKnownFileType = wrapper.cfbundle; path = SundeeFundeeTests.xctest; sourceTree = BUILT_PRODUCTS_DIR; };
		12BADD433D2BA29F2F735F7D /* CycleCalculationsTests.swift */ = {isa = PBXFileReference; lastKnownFileType = sourcecode.swift; path = CycleCalculationsTests.swift; sourceTree = "<group>"; };
		17A00AA1FB65314654E24B21 /* LiveWorkoutActivityStateTests.swift */ = {isa = PBXFileReference; lastKnownFileType = sourcecode.swift; path = LiveWorkoutActivityStateTests.swift; sourceTree = "<group>"; };
		18CBC761D48FE613D6624632 /* WorkoutDetailViewModelTests.swift */ = {isa = PBXFileReference; lastKnownFileType = sourcecode.swift; path = WorkoutDetailViewModelTests.swift; sourceTree = "<group>"; };
		193AB5D6436B28D5BA8884C0 /* CloudKitClientTests.swift */ = {isa = PBXFileReference; lastKnownFileType = sourcecode.swift; path = CloudKitClientTests.swift; sourceTree = "<group>"; };
		19B76B6EB35EC83351630BD5 /* PreferenceLearnerTests.swift */ = {isa = PBXFileReference; lastKnownFileType = sourcecode.swift; path = PreferenceLearnerTests.swift; sourceTree = "<group>"; };
		224C8885364C76A608329028 /* ContentClientTests.swift */ = {isa = PBXFileReference; lastKnownFileType = sourcecode.swift; path = ContentClientTests.swift; sourceTree = "<group>"; };
		22F4CCCF5EE8AFAEF1A0C6E8 /* UnitConverterTests.swift */ = {isa = PBXFileReference; lastKnownFileType = sourcecode.swift; path = UnitConverterTests.swift; sourceTree = "<group>"; };
		3792BCFF3DAE7C97ABE585B8 /* InjurySupportTests.swift */ = {isa = PBXFileReference; lastKnownFileType = sourcecode.swift; path = InjurySupportTests.swift; sourceTree = "<group>"; };
		399F2746BB8AE6C504E6F352 /* ExerciseTests.swift */ = {isa = PBXFileReference; lastKnownFileType = sourcecode.swift; path = ExerciseTests.swift; sourceTree = "<group>"; };
		3AB4593FECFCDB7D609DE436 /* ProgramTemplateGeneratorTests.swift */ = {isa = PBXFileReference; lastKnownFileType = sourcecode.swift; path = ProgramTemplateGeneratorTests.swift; sourceTree = "<group>"; };
		3EB838D0DB04121777763697 /* CycleCalendarTests.swift */ = {isa = PBXFileReference; lastKnownFileType = sourcecode.swift; path = CycleCalendarTests.swift; sourceTree = "<group>"; };
		40FD43E50BA2F739D8B6D8E1 /* DataExportServiceTests.swift */ = {isa = PBXFileReference; lastKnownFileType = sourcecode.swift; path = DataExportServiceTests.swift; sourceTree = "<group>"; };
		423F82176D7FA3B1A6B4754B /* SundeeFundee.entitlements */ = {isa = PBXFileReference; lastKnownFileType = text.plist.entitlements; path = SundeeFundee.entitlements; sourceTree = "<group>"; };
		4268F719F0D7826B3758AD85 /* HealthKitClientTests.swift */ = {isa = PBXFileReference; lastKnownFileType = sourcecode.swift; path = HealthKitClientTests.swift; sourceTree = "<group>"; };
		54A032584D64F402EA51F3B2 /* BodyLocationTests.swift */ = {isa = PBXFileReference; lastKnownFileType = sourcecode.swift; path = BodyLocationTests.swift; sourceTree = "<group>"; };
		576220334D8170D8EF77FE5E /* ChallengeEngineTests.swift */ = {isa = PBXFileReference; lastKnownFileType = sourcecode.swift; path = ChallengeEngineTests.swift; sourceTree = "<group>"; };
		57BCA73D87A152BF2F3A81D1 /* Assets.xcassets */ = {isa = PBXFileReference; lastKnownFileType = folder.assetcatalog; path = Assets.xcassets; sourceTree = "<group>"; };
		5BB81604CE719EA30315E29D /* CyclePhaseWidget.swift */ = {isa = PBXFileReference; lastKnownFileType = sourcecode.swift; path = CyclePhaseWidget.swift; sourceTree = "<group>"; };
		5BE14D56789B5D4D046EC077 /* InjuryAdaptationEngineTests.swift */ = {isa = PBXFileReference; lastKnownFileType = sourcecode.swift; path = InjuryAdaptationEngineTests.swift; sourceTree = "<group>"; };
		5DFD5C5DD75D2E75DD71E7B3 /* SleepDeduplicatorTests.swift */ = {isa = PBXFileReference; lastKnownFileType = sourcecode.swift; path = SleepDeduplicatorTests.swift; sourceTree = "<group>"; };
		5E0A2BE82EC953B0F552E1F8 /* RecoveryScoreCalculatorTests.swift */ = {isa = PBXFileReference; lastKnownFileType = sourcecode.swift; path = RecoveryScoreCalculatorTests.swift; sourceTree = "<group>"; };
		61FF1D97D48E0B82FC8CDFDE /* WeightCalculatorTests.swift */ = {isa = PBXFileReference; lastKnownFileType = sourcecode.swift; path = WeightCalculatorTests.swift; sourceTree = "<group>"; };
		6303CF2328C539A58B90B1EB /* BenchmarkCatalogTests.swift */ = {isa = PBXFileReference; lastKnownFileType = sourcecode.swift; path = BenchmarkCatalogTests.swift; sourceTree = "<group>"; };
		64EDF3080400F6A3986CF1B1 /* PlateCalculatorTests.swift */ = {isa = PBXFileReference; lastKnownFileType = sourcecode.swift; path = PlateCalculatorTests.swift; sourceTree = "<group>"; };
		6F0485B86E8679F302A00B9B /* WeeklyLoadAnalyzerTests.swift */ = {isa = PBXFileReference; lastKnownFileType = sourcecode.swift; path = WeeklyLoadAnalyzerTests.swift; sourceTree = "<group>"; };
		6F2C1C2538FA1ABCD4EB36B4 /* GuestDataMigratorTests.swift */ = {isa = PBXFileReference; lastKnownFileType = sourcecode.swift; path = GuestDataMigratorTests.swift; sourceTree = "<group>"; };
		7171E9CD0635CF4CC1DA0CC0 /* Info.plist */ = {isa = PBXFileReference; lastKnownFileType = text.plist; path = Info.plist; sourceTree = "<group>"; };
		7C4C38D3026141D6EE494174 /* SundeeFundeeWidgetsExtension.appex */ = {isa = PBXFileReference; includeInIndex = 0; lastKnownFileType = "wrapper.app-extension"; path = SundeeFundeeWidgetsExtension.appex; sourceTree = BUILT_PRODUCTS_DIR; };
		7CAAC4B9739195AC9CE12490 /* ExerciseCatalogMenuTests.swift */ = {isa = PBXFileReference; lastKnownFileType = sourcecode.swift; path = ExerciseCatalogMenuTests.swift; sourceTree = "<group>"; };
		873AA29C38E56C34A2683DF3 /* SyncQueueStuckTests.swift */ = {isa = PBXFileReference; lastKnownFileType = sourcecode.swift; path = SyncQueueStuckTests.swift; sourceTree = "<group>"; };
		8DE3C4495A965B3DFF1ABCF6 /* SyncQueueTests.swift */ = {isa = PBXFileReference; lastKnownFileType = sourcecode.swift; path = SyncQueueTests.swift; sourceTree = "<group>"; };
		8E18AFBD21E23621ECC1E35C /* AppleAuthClientTests.swift */ = {isa = PBXFileReference; lastKnownFileType = sourcecode.swift; path = AppleAuthClientTests.swift; sourceTree = "<group>"; };
		9440F3F428ED2EAB4291ABD3 /* Info.plist */ = {isa = PBXFileReference; lastKnownFileType = text.plist; path = Info.plist; sourceTree = "<group>"; };
		95F9DF55F232AE2D74ED1D66 /* FreeSubscriptionClientTests.swift */ = {isa = PBXFileReference; lastKnownFileType = sourcecode.swift; path = FreeSubscriptionClientTests.swift; sourceTree = "<group>"; };
		9C3926CE6DCAC67A87A4B36C /* AnalyticsViewModelTests.swift */ = {isa = PBXFileReference; lastKnownFileType = sourcecode.swift; path = AnalyticsViewModelTests.swift; sourceTree = "<group>"; };
		9E30EF90CFB2413E86ECE2FB /* PlateauDetectorTests.swift */ = {isa = PBXFileReference; lastKnownFileType = sourcecode.swift; path = PlateauDetectorTests.swift; sourceTree = "<group>"; };
		9F50D4788C9573517B95B7EC /* QRBadgeTests.swift */ = {isa = PBXFileReference; lastKnownFileType = sourcecode.swift; path = QRBadgeTests.swift; sourceTree = "<group>"; };
		A1DDA1479BACFF9CDE9565B1 /* DiagnosticsServiceTests.swift */ = {isa = PBXFileReference; lastKnownFileType = sourcecode.swift; path = DiagnosticsServiceTests.swift; sourceTree = "<group>"; };
		A47F84EB4E33860359C24F14 /* AppThemeColorTests.swift */ = {isa = PBXFileReference; lastKnownFileType = sourcecode.swift; path = AppThemeColorTests.swift; sourceTree = "<group>"; };
		A56B3641B39ABABD9066F3AC /* SundeeFundeeWidgets.entitlements */ = {isa = PBXFileReference; lastKnownFileType = text.plist.entitlements; path = SundeeFundeeWidgets.entitlements; sourceTree = "<group>"; };
		A873EDB7628312E562E64F2E /* BenchmarkReadinessTests.swift */ = {isa = PBXFileReference; lastKnownFileType = sourcecode.swift; path = BenchmarkReadinessTests.swift; sourceTree = "<group>"; };
		A9EEF29B29D71F8A31138E21 /* SharedSnapshotLock.swift */ = {isa = PBXFileReference; lastKnownFileType = sourcecode.swift; path = SharedSnapshotLock.swift; sourceTree = "<group>"; };
		AA62F60F8A6C0A54DB98943F /* ProgramsListViewModelTests.swift */ = {isa = PBXFileReference; lastKnownFileType = sourcecode.swift; path = ProgramsListViewModelTests.swift; sourceTree = "<group>"; };
		B2E36B64D22082283D1FFBC4 /* ShareURLTests.swift */ = {isa = PBXFileReference; lastKnownFileType = sourcecode.swift; path = ShareURLTests.swift; sourceTree = "<group>"; };
		B2EFCAAFBAD8AD895A1F90EA /* ScheduleReshufflerTests.swift */ = {isa = PBXFileReference; lastKnownFileType = sourcecode.swift; path = ScheduleReshufflerTests.swift; sourceTree = "<group>"; };
		B4BB70A92319FA0F1C2AD710 /* CyclePhaseHelperTests.swift */ = {isa = PBXFileReference; lastKnownFileType = sourcecode.swift; path = CyclePhaseHelperTests.swift; sourceTree = "<group>"; };
		B8054532B3D4DB5B894D1BB7 /* ShareCardRendererTests.swift */ = {isa = PBXFileReference; lastKnownFileType = sourcecode.swift; path = ShareCardRendererTests.swift; sourceTree = "<group>"; };
		C04EB47734F796FEEC9435AB /* AIWorkoutTests.swift */ = {isa = PBXFileReference; lastKnownFileType = sourcecode.swift; path = AIWorkoutTests.swift; sourceTree = "<group>"; };
		C99B9014B8F76C3124C8DA6A /* SundeeFundee.app */ = {isa = PBXFileReference; includeInIndex = 0; lastKnownFileType = wrapper.application; path = SundeeFundee.app; sourceTree = BUILT_PRODUCTS_DIR; };
		C9FE2C96B12B8F5EF9D089ED /* SundeeFundee */ = {isa = PBXFileReference; lastKnownFileType = folder; name = SundeeFundee; path = ../SundeeFundee; sourceTree = SOURCE_ROOT; };
		CB0D767209636FAA8494C1F6 /* CelebrationEventTests.swift */ = {isa = PBXFileReference; lastKnownFileType = sourcecode.swift; path = CelebrationEventTests.swift; sourceTree = "<group>"; };
		D0DF3DE42D2DF780CB12B972 /* SharedSnapshotStoreTests.swift */ = {isa = PBXFileReference; lastKnownFileType = sourcecode.swift; path = SharedSnapshotStoreTests.swift; sourceTree = "<group>"; };
		D397DCE979CD70EEE7CD6F64 /* LiveWorkoutWidget.swift */ = {isa = PBXFileReference; lastKnownFileType = sourcecode.swift; path = LiveWorkoutWidget.swift; sourceTree = "<group>"; };
		D56FF493E2650F71206A13CE /* ExerciseCatalogTests.swift */ = {isa = PBXFileReference; lastKnownFileType = sourcecode.swift; path = ExerciseCatalogTests.swift; sourceTree = "<group>"; };
		D5798C24CE84AA1EEC7D80E3 /* PrivacyInfo.xcprivacy */ = {isa = PBXFileReference; path = PrivacyInfo.xcprivacy; sourceTree = "<group>"; };
		D81DF2CE2039BADE976725C7 /* AppIntentsTests.swift */ = {isa = PBXFileReference; lastKnownFileType = sourcecode.swift; path = AppIntentsTests.swift; sourceTree = "<group>"; };
		D8BF128CEC9BDCD1EB3E6C7B /* SubstitutionRankerTests.swift */ = {isa = PBXFileReference; lastKnownFileType = sourcecode.swift; path = SubstitutionRankerTests.swift; sourceTree = "<group>"; };
		E8F61D5CD8005B9566EF4AB6 /* WorkoutTests.swift */ = {isa = PBXFileReference; lastKnownFileType = sourcecode.swift; path = WorkoutTests.swift; sourceTree = "<group>"; };
		F23B128E0A204D886330C1C1 /* RecoveryScoreWidget.swift */ = {isa = PBXFileReference; lastKnownFileType = sourcecode.swift; path = RecoveryScoreWidget.swift; sourceTree = "<group>"; };
		F47E72DC5446634AE7210CE4 /* App.swift */ = {isa = PBXFileReference; lastKnownFileType = sourcecode.swift; path = App.swift; sourceTree = "<group>"; };
		F53C774F1992717B04436F88 /* CycleAdaptationPolicyTests.swift */ = {isa = PBXFileReference; lastKnownFileType = sourcecode.swift; path = CycleAdaptationPolicyTests.swift; sourceTree = "<group>"; };
/* End PBXFileReference section */

/* Begin PBXFrameworksBuildPhase section */
		3A47C591BC0F4800CB523504 /* Frameworks */ = {
			isa = PBXFrameworksBuildPhase;
			buildActionMask = 2147483647;
			files = (
				CFDF444DB32D9E05ACF7EAA4 /* SundeeFundeeKit in Frameworks */,
			);
			runOnlyForDeploymentPostprocessing = 0;
		};
		D312AE31D305D7F65BB1516D /* Frameworks */ = {
			isa = PBXFrameworksBuildPhase;
			buildActionMask = 2147483647;
			files = (
				F5902C9A5CAA8C490BBA0F66 /* SundeeFundeeKit in Frameworks */,
			);
			runOnlyForDeploymentPostprocessing = 0;
		};
		F6BDEF0462865C1687C90F80 /* Frameworks */ = {
			isa = PBXFrameworksBuildPhase;
			buildActionMask = 2147483647;
			files = (
				AA693CC5F6012DA8505E3E98 /* SundeeFundeeKit in Frameworks */,
			);
			runOnlyForDeploymentPostprocessing = 0;
		};
/* End PBXFrameworksBuildPhase section */

/* Begin PBXGroup section */
		022B8D4226C03C2A2C898E93 = {
			isa = PBXGroup;
			children = (
				F06D23E8ED1C14D186B84039 /* Packages */,
				EFCC3CD8C63AC7C2ECE7472B /* sundee-fundee-ios */,
				DEA45E21D11C2110AA682199 /* SundeeFundee */,
				6F6564DAE083123652AFA48F /* SundeeFundeeWidgets */,
				97B281320B0F062699145758 /* Products */,
			);
			sourceTree = "<group>";
		};
		10EBCBA78F9229271BD357CD /* UITests */ = {
			isa = PBXGroup;
			children = (
				A47F84EB4E33860359C24F14 /* AppThemeColorTests.swift */,
				B8054532B3D4DB5B894D1BB7 /* ShareCardRendererTests.swift */,
				7AA4C141087A303866FF2926 /* Share */,
			);
			path = UITests;
			sourceTree = "<group>";
		};
		12C46ABEFCEAACE0EAE9825C /* Tests */ = {
			isa = PBXGroup;
			children = (
				A34940290602D24FE9D2187C /* SundeeFundeeKitTests */,
			);
			path = Tests;
			sourceTree = "<group>";
		};
		22F15CA6D9A23532C2EDE77A /* DomainTests */ = {
			isa = PBXGroup;
			children = (
				C04EB47734F796FEEC9435AB /* AIWorkoutTests.swift */,
				6303CF2328C539A58B90B1EB /* BenchmarkCatalogTests.swift */,
				A873EDB7628312E562E64F2E /* BenchmarkReadinessTests.swift */,
				54A032584D64F402EA51F3B2 /* BodyLocationTests.swift */,
				CB0D767209636FAA8494C1F6 /* CelebrationEventTests.swift */,
				576220334D8170D8EF77FE5E /* ChallengeEngineTests.swift */,
				078938F0E1C742945877B759 /* ChartDataAggregatorTests.swift */,
				F53C774F1992717B04436F88 /* CycleAdaptationPolicyTests.swift */,
				12BADD433D2BA29F2F735F7D /* CycleCalculationsTests.swift */,
				3EB838D0DB04121777763697 /* CycleCalendarTests.swift */,
				B4BB70A92319FA0F1C2AD710 /* CyclePhaseHelperTests.swift */,
				40FD43E50BA2F739D8B6D8E1 /* DataExportServiceTests.swift */,
				7CAAC4B9739195AC9CE12490 /* ExerciseCatalogMenuTests.swift */,
				D56FF493E2650F71206A13CE /* ExerciseCatalogTests.swift */,
				5BE14D56789B5D4D046EC077 /* InjuryAdaptationEngineTests.swift */,
				3792BCFF3DAE7C97ABE585B8 /* InjurySupportTests.swift */,
				9E30EF90CFB2413E86ECE2FB /* PlateauDetectorTests.swift */,
				64EDF3080400F6A3986CF1B1 /* PlateCalculatorTests.swift */,
				19B76B6EB35EC83351630BD5 /* PreferenceLearnerTests.swift */,
				3AB4593FECFCDB7D609DE436 /* ProgramTemplateGeneratorTests.swift */,
				5E0A2BE82EC953B0F552E1F8 /* RecoveryScoreCalculatorTests.swift */,
				B2EFCAAFBAD8AD895A1F90EA /* ScheduleReshufflerTests.swift */,
				D8BF128CEC9BDCD1EB3E6C7B /* SubstitutionRankerTests.swift */,
				22F4CCCF5EE8AFAEF1A0C6E8 /* UnitConverterTests.swift */,
				6F0485B86E8679F302A00B9B /* WeeklyLoadAnalyzerTests.swift */,
				61FF1D97D48E0B82FC8CDFDE /* WeightCalculatorTests.swift */,
			);
			path = DomainTests;
			sourceTree = "<group>";
		};
		27606AEB92275AB04570A2BC /* ActivityTests */ = {
			isa = PBXGroup;
			children = (
				17A00AA1FB65314654E24B21 /* LiveWorkoutActivityStateTests.swift */,
			);
			path = ActivityTests;
			sourceTree = "<group>";
		};
		30C83E925A9F11DB7EF376A4 /* ViewModelTests */ = {
			isa = PBXGroup;
			children = (
				9C3926CE6DCAC67A87A4B36C /* AnalyticsViewModelTests.swift */,
				D81DF2CE2039BADE976725C7 /* AppIntentsTests.swift */,
				AA62F60F8A6C0A54DB98943F /* ProgramsListViewModelTests.swift */,
				18CBC761D48FE613D6624632 /* WorkoutDetailViewModelTests.swift */,
			);
			path = ViewModelTests;
			sourceTree = "<group>";
		};
		6F6564DAE083123652AFA48F /* SundeeFundeeWidgets */ = {
			isa = PBXGroup;
			children = (
				5BB81604CE719EA30315E29D /* CyclePhaseWidget.swift */,
				7171E9CD0635CF4CC1DA0CC0 /* Info.plist */,
				D397DCE979CD70EEE7CD6F64 /* LiveWorkoutWidget.swift */,
				F23B128E0A204D886330C1C1 /* RecoveryScoreWidget.swift */,
				A56B3641B39ABABD9066F3AC /* SundeeFundeeWidgets.entitlements */,
			);
			path = SundeeFundeeWidgets;
			sourceTree = "<group>";
		};
		735EAFA31E9D73A450C5DAC9 /* SundeeFundee */ = {
			isa = PBXGroup;
			children = (
				12C46ABEFCEAACE0EAE9825C /* Tests */,
			);
			path = SundeeFundee;
			sourceTree = "<group>";
		};
		7AA4C141087A303866FF2926 /* Share */ = {
			isa = PBXGroup;
			children = (
				9F50D4788C9573517B95B7EC /* QRBadgeTests.swift */,
				B2E36B64D22082283D1FFBC4 /* ShareURLTests.swift */,
			);
			path = Share;
			sourceTree = "<group>";
		};
		97B281320B0F062699145758 /* Products */ = {
			isa = PBXGroup;
			children = (
				C99B9014B8F76C3124C8DA6A /* SundeeFundee.app */,
				09F2CCD701D6D0EA783701B0 /* SundeeFundeeTests.xctest */,
				7C4C38D3026141D6EE494174 /* SundeeFundeeWidgetsExtension.appex */,
			);
			name = Products;
			sourceTree = "<group>";
		};
		A34940290602D24FE9D2187C /* SundeeFundeeKitTests */ = {
			isa = PBXGroup;
			children = (
				27606AEB92275AB04570A2BC /* ActivityTests */,
				E38A8B5326BAD633FEE725D0 /* AuthTests */,
				B154507A4B379522DA9E9BE3 /* DataLayerTests */,
				22F15CA6D9A23532C2EDE77A /* DomainTests */,
				FE5FD6011C75F3326339E84E /* ModelTests */,
				D7773C7947FC60C5085545A0 /* SubscriptionTests */,
				BD826B1653AEC1A0705A1C0F /* TestSupport */,
				10EBCBA78F9229271BD357CD /* UITests */,
				30C83E925A9F11DB7EF376A4 /* ViewModelTests */,
			);
			path = SundeeFundeeKitTests;
			sourceTree = "<group>";
		};
		B154507A4B379522DA9E9BE3 /* DataLayerTests */ = {
			isa = PBXGroup;
			children = (
				193AB5D6436B28D5BA8884C0 /* CloudKitClientTests.swift */,
				224C8885364C76A608329028 /* ContentClientTests.swift */,
				A1DDA1479BACFF9CDE9565B1 /* DiagnosticsServiceTests.swift */,
				6F2C1C2538FA1ABCD4EB36B4 /* GuestDataMigratorTests.swift */,
				4268F719F0D7826B3758AD85 /* HealthKitClientTests.swift */,
				D0DF3DE42D2DF780CB12B972 /* SharedSnapshotStoreTests.swift */,
				5DFD5C5DD75D2E75DD71E7B3 /* SleepDeduplicatorTests.swift */,
				873AA29C38E56C34A2683DF3 /* SyncQueueStuckTests.swift */,
				8DE3C4495A965B3DFF1ABCF6 /* SyncQueueTests.swift */,
			);
			path = DataLayerTests;
			sourceTree = "<group>";
		};
		BD826B1653AEC1A0705A1C0F /* TestSupport */ = {
			isa = PBXGroup;
			children = (
				A9EEF29B29D71F8A31138E21 /* SharedSnapshotLock.swift */,
			);
			path = TestSupport;
			sourceTree = "<group>";
		};
		D7773C7947FC60C5085545A0 /* SubscriptionTests */ = {
			isa = PBXGroup;
			children = (
				95F9DF55F232AE2D74ED1D66 /* FreeSubscriptionClientTests.swift */,
			);
			path = SubscriptionTests;
			sourceTree = "<group>";
		};
		DEA45E21D11C2110AA682199 /* SundeeFundee */ = {
			isa = PBXGroup;
			children = (
				F47E72DC5446634AE7210CE4 /* App.swift */,
				57BCA73D87A152BF2F3A81D1 /* Assets.xcassets */,
				9440F3F428ED2EAB4291ABD3 /* Info.plist */,
				D5798C24CE84AA1EEC7D80E3 /* PrivacyInfo.xcprivacy */,
				423F82176D7FA3B1A6B4754B /* SundeeFundee.entitlements */,
			);
			path = SundeeFundee;
			sourceTree = "<group>";
		};
		E38A8B5326BAD633FEE725D0 /* AuthTests */ = {
			isa = PBXGroup;
			children = (
				8E18AFBD21E23621ECC1E35C /* AppleAuthClientTests.swift */,
			);
			path = AuthTests;
			sourceTree = "<group>";
		};
		EFCC3CD8C63AC7C2ECE7472B /* sundee-fundee-ios */ = {
			isa = PBXGroup;
			children = (
				735EAFA31E9D73A450C5DAC9 /* SundeeFundee */,
			);
			name = "sundee-fundee-ios";
			path = ..;
			sourceTree = "<group>";
		};
		F06D23E8ED1C14D186B84039 /* Packages */ = {
			isa = PBXGroup;
			children = (
				C9FE2C96B12B8F5EF9D089ED /* SundeeFundee */,
			);
			name = Packages;
			sourceTree = "<group>";
		};
		FE5FD6011C75F3326339E84E /* ModelTests */ = {
			isa = PBXGroup;
			children = (
				399F2746BB8AE6C504E6F352 /* ExerciseTests.swift */,
				E8F61D5CD8005B9566EF4AB6 /* WorkoutTests.swift */,
			);
			path = ModelTests;
			sourceTree = "<group>";
		};
/* End PBXGroup section */

/* Begin PBXNativeTarget section */
		210638487B33D83A1059A242 /* SundeeFundeeTests */ = {
			isa = PBXNativeTarget;
			buildConfigurationList = 760B8A32B45FDF7F9B7E8EA4 /* Build configuration list for PBXNativeTarget "SundeeFundeeTests" */;
			buildPhases = (
				C9FB05F0FF36551BC0EB8B6D /* Sources */,
				D312AE31D305D7F65BB1516D /* Frameworks */,
			);
			buildRules = (
			);
			dependencies = (
				94A1698B6BA3B4BC2D33686F /* PBXTargetDependency */,
			);
			name = SundeeFundeeTests;
			packageProductDependencies = (
				641F11E52B68F0FAA926FA13 /* SundeeFundeeKit */,
			);
			productName = SundeeFundeeTests;
			productReference = 09F2CCD701D6D0EA783701B0 /* SundeeFundeeTests.xctest */;
			productType = "com.apple.product-type.bundle.unit-test";
		};
		38E0473811F3273AE38A8631 /* SundeeFundeeWidgetsExtension */ = {
			isa = PBXNativeTarget;
			buildConfigurationList = 53FB5133137BC8C0B4037288 /* Build configuration list for PBXNativeTarget "SundeeFundeeWidgetsExtension" */;
			buildPhases = (
				AE5F79133E4C2D10761EA40A /* Sources */,
				F6BDEF0462865C1687C90F80 /* Frameworks */,
			);
			buildRules = (
			);
			dependencies = (
			);
			name = SundeeFundeeWidgetsExtension;
			packageProductDependencies = (
				E5D818355C15FD611DF98B2C /* SundeeFundeeKit */,
			);
			productName = SundeeFundeeWidgetsExtension;
			productReference = 7C4C38D3026141D6EE494174 /* SundeeFundeeWidgetsExtension.appex */;
			productType = "com.apple.product-type.app-extension";
		};
		6A65F4B4731A18FE7E162E4E /* SundeeFundee */ = {
			isa = PBXNativeTarget;
			buildConfigurationList = F1454FE610F6C6B5F73CE2E0 /* Build configuration list for PBXNativeTarget "SundeeFundee" */;
			buildPhases = (
				5BD97D9877216B463335E81E /* Sources */,
				71BF2BFB19B604FE2546224E /* Resources */,
				3A47C591BC0F4800CB523504 /* Frameworks */,
				36E14959B1240696107D9659 /* Embed Foundation Extensions */,
			);
			buildRules = (
			);
			dependencies = (
				7BEF99D262DDD2CBDB649C9E /* PBXTargetDependency */,
			);
			name = SundeeFundee;
			packageProductDependencies = (
				0344363F4B100A32D7BC231D /* SundeeFundeeKit */,
			);
			productName = SundeeFundee;
			productReference = C99B9014B8F76C3124C8DA6A /* SundeeFundee.app */;
			productType = "com.apple.product-type.application";
		};
/* End PBXNativeTarget section */

/* Begin PBXProject section */
		A23AA027FBDBC591792DA380 /* Project object */ = {
			isa = PBXProject;
			attributes = {
				BuildIndependentTargetsInParallel = YES;
				LastUpgradeCheck = 1600;
				TargetAttributes = {
					210638487B33D83A1059A242 = {
						DevelopmentTeam = 87VVCMCW3F;
					};
					38E0473811F3273AE38A8631 = {
						DevelopmentTeam = 87VVCMCW3F;
					};
					6A65F4B4731A18FE7E162E4E = {
						DevelopmentTeam = 87VVCMCW3F;
					};
				};
			};
			buildConfigurationList = 79EC31CDDDB335CD6E0033B8 /* Build configuration list for PBXProject "SundeeFundee" */;
			developmentRegion = en;
			hasScannedForEncodings = 0;
			knownRegions = (
				Base,
				en,
			);
			mainGroup = 022B8D4226C03C2A2C898E93;
			minimizedProjectReferenceProxies = 1;
			packageReferences = (
				69102DE9DBE0E8D5BC8D34F6 /* XCLocalSwiftPackageReference "../SundeeFundee" */,
			);
			preferredProjectObjectVersion = 77;
			productRefGroup = 97B281320B0F062699145758 /* Products */;
			projectDirPath = "";
			projectRoot = "";
			targets = (
				6A65F4B4731A18FE7E162E4E /* SundeeFundee */,
				210638487B33D83A1059A242 /* SundeeFundeeTests */,
				38E0473811F3273AE38A8631 /* SundeeFundeeWidgetsExtension */,
			);
		};
/* End PBXProject section */

/* Begin PBXResourcesBuildPhase section */
		71BF2BFB19B604FE2546224E /* Resources */ = {
			isa = PBXResourcesBuildPhase;
			buildActionMask = 2147483647;
			files = (
				CC55A72B627E73DE3865884E /* Assets.xcassets in Resources */,
				E81CFCB1EA221C8BB278C448 /* PrivacyInfo.xcprivacy in Resources */,
			);
			runOnlyForDeploymentPostprocessing = 0;
		};
/* End PBXResourcesBuildPhase section */

/* Begin PBXSourcesBuildPhase section */
		5BD97D9877216B463335E81E /* Sources */ = {
			isa = PBXSourcesBuildPhase;
			buildActionMask = 2147483647;
			files = (
				C7FB1AE00824A23591E646D0 /* App.swift in Sources */,
			);
			runOnlyForDeploymentPostprocessing = 0;
		};
		AE5F79133E4C2D10761EA40A /* Sources */ = {
			isa = PBXSourcesBuildPhase;
			buildActionMask = 2147483647;
			files = (
				058C27E2B726ED56AF5B46C0 /* CyclePhaseWidget.swift in Sources */,
				BEBB052653A7324B3DF4DB19 /* LiveWorkoutWidget.swift in Sources */,
				E692B5C32418720446C4ECEB /* RecoveryScoreWidget.swift in Sources */,
			);
			runOnlyForDeploymentPostprocessing = 0;
		};
		C9FB05F0FF36551BC0EB8B6D /* Sources */ = {
			isa = PBXSourcesBuildPhase;
			buildActionMask = 2147483647;
			files = (
				F68DA07A66C859F0E47943E3 /* AIWorkoutTests.swift in Sources */,
				B737DBDB3636F0FB4EF66A5D /* AnalyticsViewModelTests.swift in Sources */,
				C016937D513C583B184BE411 /* AppIntentsTests.swift in Sources */,
				722FFA63F848535EB54F0106 /* AppThemeColorTests.swift in Sources */,
				E08ACF0A6166DA7B90CF8C4B /* AppleAuthClientTests.swift in Sources */,
				FDFE7D618350336924B6D35C /* BenchmarkCatalogTests.swift in Sources */,
				2619B6AD8D9E03EEDFBD94D6 /* BenchmarkReadinessTests.swift in Sources */,
				059AE0595D600B1A6CFA4029 /* BodyLocationTests.swift in Sources */,
				1BA2CF4ACDA31B72065E0F9C /* CelebrationEventTests.swift in Sources */,
				697F00561EC9FC038BF32BCB /* ChallengeEngineTests.swift in Sources */,
				BF9CE9F5D1750BF852F0A0CE /* ChartDataAggregatorTests.swift in Sources */,
				81DF43067604869D93E13AFD /* CloudKitClientTests.swift in Sources */,
				EBAE767DD52DEC68FF6134B3 /* ContentClientTests.swift in Sources */,
				E2EE5B36110ED2654B868760 /* CycleAdaptationPolicyTests.swift in Sources */,
				B8E51F2F94483401ADAF1D47 /* CycleCalculationsTests.swift in Sources */,
				56152C8EE62FE3E6EB5C9300 /* CycleCalendarTests.swift in Sources */,
				B9D39C1A3CBA1F0443BC54D3 /* CyclePhaseHelperTests.swift in Sources */,
				19301164E920059D33BA894B /* DataExportServiceTests.swift in Sources */,
				D2AB7B3AAE66AFCA8E7D7BA9 /* DiagnosticsServiceTests.swift in Sources */,
				F9147AFCB94E5F4DB65A9257 /* ExerciseCatalogMenuTests.swift in Sources */,
				D3572E83917E7F70FC74C58F /* ExerciseCatalogTests.swift in Sources */,
				73EB2641302AD8653CF6C3D9 /* ExerciseTests.swift in Sources */,
				0A88DF7B96C3E87F7A1866C0 /* FreeSubscriptionClientTests.swift in Sources */,
				6BB82AA595ADDD696CD1A4D5 /* GuestDataMigratorTests.swift in Sources */,
				EEFE7E74DB02942D7623341F /* HealthKitClientTests.swift in Sources */,
				034FFE51B8031D178BD459AA /* InjuryAdaptationEngineTests.swift in Sources */,
				69ED0D94816E07CAB011EB47 /* InjurySupportTests.swift in Sources */,
				71599DADF1D05996B790A752 /* LiveWorkoutActivityStateTests.swift in Sources */,
				94345D4D4B88907DAD891885 /* PlateCalculatorTests.swift in Sources */,
				4B5169087582F7BA2D5A4630 /* PlateauDetectorTests.swift in Sources */,
				04676F3624F2D21F9EBCD9B7 /* PreferenceLearnerTests.swift in Sources */,
				CAF9F9A9942B597983720135 /* ProgramTemplateGeneratorTests.swift in Sources */,
				6C7CCBE02F3D68CF3F54339D /* ProgramsListViewModelTests.swift in Sources */,
				BF7AF483555D7D2E16B954BC /* QRBadgeTests.swift in Sources */,
				2AD21712204D09AC3BF1BB3F /* RecoveryScoreCalculatorTests.swift in Sources */,
				07DB8A527A9D53ED0AD5F270 /* ScheduleReshufflerTests.swift in Sources */,
				C9587E58B3DC6CD1E401ACFD /* ShareCardRendererTests.swift in Sources */,
				5F20CCE6BBC34E8C108EE0EB /* ShareURLTests.swift in Sources */,
				4816568DA8775C15C2AA9044 /* SharedSnapshotLock.swift in Sources */,
				394162F420FE7B4769174AAB /* SharedSnapshotStoreTests.swift in Sources */,
				86D739228A403076337BA899 /* SleepDeduplicatorTests.swift in Sources */,
				778B30EA67AA5F432571472F /* SubstitutionRankerTests.swift in Sources */,
				2EB3CE810B38C88781A7775A /* SyncQueueStuckTests.swift in Sources */,
				8A212B7CC7C9A83D76BC9F4F /* SyncQueueTests.swift in Sources */,
				55A26C0023592648521056A9 /* UnitConverterTests.swift in Sources */,
				33C0D484C5CC66033D1707BB /* WeeklyLoadAnalyzerTests.swift in Sources */,
				54CAF50B159E601338F2ECC5 /* WeightCalculatorTests.swift in Sources */,
				CDEEAE0B6C195B251BF34329 /* WorkoutDetailViewModelTests.swift in Sources */,
				94CFBC469A0F90AA98337938 /* WorkoutTests.swift in Sources */,
			);
			runOnlyForDeploymentPostprocessing = 0;
		};
/* End PBXSourcesBuildPhase section */

/* Begin PBXTargetDependency section */
		7BEF99D262DDD2CBDB649C9E /* PBXTargetDependency */ = {
			isa = PBXTargetDependency;
			target = 38E0473811F3273AE38A8631 /* SundeeFundeeWidgetsExtension */;
			targetProxy = 8546652E88CE8E51607AE379 /* PBXContainerItemProxy */;
		};
		94A1698B6BA3B4BC2D33686F /* PBXTargetDependency */ = {
			isa = PBXTargetDependency;
			target = 6A65F4B4731A18FE7E162E4E /* SundeeFundee */;
			targetProxy = 310C845A2DCACB62A22CD591 /* PBXContainerItemProxy */;
		};
/* End PBXTargetDependency section */

/* Begin XCBuildConfiguration section */
		00785899C87890E23E6F59A0 /* Release */ = {
			isa = XCBuildConfiguration;
			buildSettings = {
				ALWAYS_SEARCH_USER_PATHS = NO;
				APP_GROUP_IDENTIFIER = group.com.sundeefundee.shared;
				CLANG_ANALYZER_NONNULL = YES;
				CLANG_ANALYZER_NUMBER_OBJECT_CONVERSION = YES_AGGRESSIVE;
				CLANG_CXX_LANGUAGE_STANDARD = "gnu++14";
				CLANG_CXX_LIBRARY = "libc++";
				CLANG_ENABLE_MODULES = YES;
				CLANG_ENABLE_OBJC_ARC = YES;
				CLANG_ENABLE_OBJC_WEAK = YES;
				CLANG_WARN_BLOCK_CAPTURE_AUTORELEASING = YES;
				CLANG_WARN_BOOL_CONVERSION = YES;
				CLANG_WARN_COMMA = YES;
				CLANG_WARN_CONSTANT_CONVERSION = YES;
				CLANG_WARN_DEPRECATED_OBJC_IMPLEMENTATIONS = YES;
				CLANG_WARN_DIRECT_OBJC_ISA_USAGE = YES_ERROR;
				CLANG_WARN_DOCUMENTATION_COMMENTS = YES;
				CLANG_WARN_EMPTY_BODY = YES;
				CLANG_WARN_ENUM_CONVERSION = YES;
				CLANG_WARN_INFINITE_RECURSION = YES;
				CLANG_WARN_INT_CONVERSION = YES;
				CLANG_WARN_NON_LITERAL_NULL_CONVERSION = YES;
				CLANG_WARN_OBJC_IMPLICIT_RETAIN_SELF = YES;
				CLANG_WARN_OBJC_LITERAL_CONVERSION = YES;
				CLANG_WARN_OBJC_ROOT_CLASS = YES_ERROR;
				CLANG_WARN_QUOTED_INCLUDE_IN_FRAMEWORK_HEADER = YES;
				CLANG_WARN_RANGE_LOOP_ANALYSIS = YES;
				CLANG_WARN_STRICT_PROTOTYPES = YES;
				CLANG_WARN_SUSPICIOUS_MOVE = YES;
				CLANG_WARN_UNGUARDED_AVAILABILITY = YES_AGGRESSIVE;
				CLANG_WARN_UNREACHABLE_CODE = YES;
				CLANG_WARN__DUPLICATE_METHOD_MATCH = YES;
				COPY_PHASE_STRIP = NO;
				CURRENT_PROJECT_VERSION = 6;
				DEBUG_INFORMATION_FORMAT = "dwarf-with-dsym";
				DEVELOPMENT_TEAM = 87VVCMCW3F;
				ENABLE_NS_ASSERTIONS = NO;
				ENABLE_STRICT_OBJC_MSGSEND = YES;
				GCC_C_LANGUAGE_STANDARD = gnu11;
				GCC_NO_COMMON_BLOCKS = YES;
				GCC_WARN_64_TO_32_BIT_CONVERSION = YES;
				GCC_WARN_ABOUT_RETURN_TYPE = YES_ERROR;
				GCC_WARN_UNDECLARED_SELECTOR = YES;
				GCC_WARN_UNINITIALIZED_AUTOS = YES_AGGRESSIVE;
				GCC_WARN_UNUSED_FUNCTION = YES;
				GCC_WARN_UNUSED_VARIABLE = YES;
				IPHONEOS_DEPLOYMENT_TARGET = 18.0;
				MARKETING_VERSION = 1.5.1;
				MTL_ENABLE_DEBUG_INFO = NO;
				MTL_FAST_MATH = YES;
				PRODUCT_NAME = "$(TARGET_NAME)";
				SDKROOT = iphoneos;
				SWIFT_COMPILATION_MODE = wholemodule;
				SWIFT_OPTIMIZATION_LEVEL = "-O";
				SWIFT_STRICT_CONCURRENCY = complete;
				SWIFT_VERSION = 6.0;
			};
			name = Release;
		};
		103743F745465BE67B7F244A /* Release */ = {
			isa = XCBuildConfiguration;
			buildSettings = {
				APPLICATION_EXTENSION_API_ONLY = YES;
				CODE_SIGN_ENTITLEMENTS = SundeeFundeeWidgets/SundeeFundeeWidgets.entitlements;
				GENERATE_INFOPLIST_FILE = NO;
				INFOPLIST_FILE = SundeeFundeeWidgets/Info.plist;
				LD_RUNPATH_SEARCH_PATHS = (
					"$(inherited)",
					"@executable_path/Frameworks",
					"@executable_path/../../Frameworks",
				);
				PRODUCT_BUNDLE_IDENTIFIER = com.sundeefundee.app.widgets;
				PRODUCT_NAME = SundeeFundeeWidgetsExtension;
				SDKROOT = iphoneos;
				SKIP_INSTALL = YES;
				TARGETED_DEVICE_FAMILY = "1,2";
			};
			name = Release;
		};
		60B93AE946F8181060D7B08E /* Debug */ = {
			isa = XCBuildConfiguration;
			buildSettings = {
				ASSETCATALOG_COMPILER_APPICON_NAME = AppIcon;
				CODE_SIGN_ENTITLEMENTS = SundeeFundee/SundeeFundee.entitlements;
				CODE_SIGN_IDENTITY = "iPhone Developer";
				GENERATE_INFOPLIST_FILE = NO;
				INFOPLIST_FILE = SundeeFundee/Info.plist;
				LD_RUNPATH_SEARCH_PATHS = (
					"$(inherited)",
					"@executable_path/Frameworks",
				);
				PRODUCT_BUNDLE_IDENTIFIER = com.sundeefundee.app;
				SDKROOT = iphoneos;
				TARGETED_DEVICE_FAMILY = "1,2";
			};
			name = Debug;
		};
		6B395EF2BAB7D5092A8A4035 /* Debug */ = {
			isa = XCBuildConfiguration;
			buildSettings = {
				APPLICATION_EXTENSION_API_ONLY = YES;
				CODE_SIGN_ENTITLEMENTS = SundeeFundeeWidgets/SundeeFundeeWidgets.entitlements;
				GENERATE_INFOPLIST_FILE = NO;
				INFOPLIST_FILE = SundeeFundeeWidgets/Info.plist;
				LD_RUNPATH_SEARCH_PATHS = (
					"$(inherited)",
					"@executable_path/Frameworks",
					"@executable_path/../../Frameworks",
				);
				PRODUCT_BUNDLE_IDENTIFIER = com.sundeefundee.app.widgets;
				PRODUCT_NAME = SundeeFundeeWidgetsExtension;
				SDKROOT = iphoneos;
				SKIP_INSTALL = YES;
				TARGETED_DEVICE_FAMILY = "1,2";
			};
			name = Debug;
		};
		A142C9D634AC0FF202EFC222 /* Release */ = {
			isa = XCBuildConfiguration;
			buildSettings = {
				ASSETCATALOG_COMPILER_APPICON_NAME = AppIcon;
				CODE_SIGN_ENTITLEMENTS = SundeeFundee/SundeeFundee.entitlements;
				CODE_SIGN_IDENTITY = "iPhone Developer";
				GENERATE_INFOPLIST_FILE = NO;
				INFOPLIST_FILE = SundeeFundee/Info.plist;
				LD_RUNPATH_SEARCH_PATHS = (
					"$(inherited)",
					"@executable_path/Frameworks",
				);
				PRODUCT_BUNDLE_IDENTIFIER = com.sundeefundee.app;
				SDKROOT = iphoneos;
				TARGETED_DEVICE_FAMILY = "1,2";
			};
			name = Release;
		};
		B9DCDE05A6646AA78EA7B607 /* Debug */ = {
			isa = XCBuildConfiguration;
			buildSettings = {
				BUNDLE_LOADER = "$(TEST_HOST)";
				GENERATE_INFOPLIST_FILE = YES;
				LD_RUNPATH_SEARCH_PATHS = (
					"$(inherited)",
					"@executable_path/Frameworks",
					"@loader_path/Frameworks",
				);
				PRODUCT_BUNDLE_IDENTIFIER = com.sundeefundee.app.tests;
				SDKROOT = iphoneos;
				TARGETED_DEVICE_FAMILY = "1,2";
				TEST_HOST = "$(BUILT_PRODUCTS_DIR)/SundeeFundee.app/SundeeFundee";
			};
			name = Debug;
		};
		BABDF7F7ECA08BF270B2BB3F /* Debug */ = {
			isa = XCBuildConfiguration;
			buildSettings = {
				ALWAYS_SEARCH_USER_PATHS = NO;
				APP_GROUP_IDENTIFIER = group.com.sundeefundee.shared;
				CLANG_ANALYZER_NONNULL = YES;
				CLANG_ANALYZER_NUMBER_OBJECT_CONVERSION = YES_AGGRESSIVE;
				CLANG_CXX_LANGUAGE_STANDARD = "gnu++14";
				CLANG_CXX_LIBRARY = "libc++";
				CLANG_ENABLE_MODULES = YES;
				CLANG_ENABLE_OBJC_ARC = YES;
				CLANG_ENABLE_OBJC_WEAK = YES;
				CLANG_WARN_BLOCK_CAPTURE_AUTORELEASING = YES;
				CLANG_WARN_BOOL_CONVERSION = YES;
				CLANG_WARN_COMMA = YES;
				CLANG_WARN_CONSTANT_CONVERSION = YES;
				CLANG_WARN_DEPRECATED_OBJC_IMPLEMENTATIONS = YES;
				CLANG_WARN_DIRECT_OBJC_ISA_USAGE = YES_ERROR;
				CLANG_WARN_DOCUMENTATION_COMMENTS = YES;
				CLANG_WARN_EMPTY_BODY = YES;
				CLANG_WARN_ENUM_CONVERSION = YES;
				CLANG_WARN_INFINITE_RECURSION = YES;
				CLANG_WARN_INT_CONVERSION = YES;
				CLANG_WARN_NON_LITERAL_NULL_CONVERSION = YES;
				CLANG_WARN_OBJC_IMPLICIT_RETAIN_SELF = YES;
				CLANG_WARN_OBJC_LITERAL_CONVERSION = YES;
				CLANG_WARN_OBJC_ROOT_CLASS = YES_ERROR;
				CLANG_WARN_QUOTED_INCLUDE_IN_FRAMEWORK_HEADER = YES;
				CLANG_WARN_RANGE_LOOP_ANALYSIS = YES;
				CLANG_WARN_STRICT_PROTOTYPES = YES;
				CLANG_WARN_SUSPICIOUS_MOVE = YES;
				CLANG_WARN_UNGUARDED_AVAILABILITY = YES_AGGRESSIVE;
				CLANG_WARN_UNREACHABLE_CODE = YES;
				CLANG_WARN__DUPLICATE_METHOD_MATCH = YES;
				COPY_PHASE_STRIP = NO;
				CURRENT_PROJECT_VERSION = 6;
				DEBUG_INFORMATION_FORMAT = dwarf;
				DEVELOPMENT_TEAM = 87VVCMCW3F;
				ENABLE_STRICT_OBJC_MSGSEND = YES;
				ENABLE_TESTABILITY = YES;
				GCC_C_LANGUAGE_STANDARD = gnu11;
				GCC_DYNAMIC_NO_PIC = NO;
				GCC_NO_COMMON_BLOCKS = YES;
				GCC_OPTIMIZATION_LEVEL = 0;
				GCC_PREPROCESSOR_DEFINITIONS = (
					"$(inherited)",
					"DEBUG=1",
				);
				GCC_WARN_64_TO_32_BIT_CONVERSION = YES;
				GCC_WARN_ABOUT_RETURN_TYPE = YES_ERROR;
				GCC_WARN_UNDECLARED_SELECTOR = YES;
				GCC_WARN_UNINITIALIZED_AUTOS = YES_AGGRESSIVE;
				GCC_WARN_UNUSED_FUNCTION = YES;
				GCC_WARN_UNUSED_VARIABLE = YES;
				IPHONEOS_DEPLOYMENT_TARGET = 18.0;
				MARKETING_VERSION = 1.5.1;
				MTL_ENABLE_DEBUG_INFO = INCLUDE_SOURCE;
				MTL_FAST_MATH = YES;
				ONLY_ACTIVE_ARCH = YES;
				PRODUCT_NAME = "$(TARGET_NAME)";
				SDKROOT = iphoneos;
				SWIFT_ACTIVE_COMPILATION_CONDITIONS = DEBUG;
				SWIFT_OPTIMIZATION_LEVEL = "-Onone";
				SWIFT_STRICT_CONCURRENCY = complete;
				SWIFT_VERSION = 6.0;
			};
			name = Debug;
		};
		D6129B3BED8A16713A5A7C54 /* Release */ = {
			isa = XCBuildConfiguration;
			buildSettings = {
				BUNDLE_LOADER = "$(TEST_HOST)";
				GENERATE_INFOPLIST_FILE = YES;
				LD_RUNPATH_SEARCH_PATHS = (
					"$(inherited)",
					"@executable_path/Frameworks",
					"@loader_path/Frameworks",
				);
				PRODUCT_BUNDLE_IDENTIFIER = com.sundeefundee.app.tests;
				SDKROOT = iphoneos;
				TARGETED_DEVICE_FAMILY = "1,2";
				TEST_HOST = "$(BUILT_PRODUCTS_DIR)/SundeeFundee.app/SundeeFundee";
			};
			name = Release;
		};
/* End XCBuildConfiguration section */

/* Begin XCConfigurationList section */
		53FB5133137BC8C0B4037288 /* Build configuration list for PBXNativeTarget "SundeeFundeeWidgetsExtension" */ = {
			isa = XCConfigurationList;
			buildConfigurations = (
				6B395EF2BAB7D5092A8A4035 /* Debug */,
				103743F745465BE67B7F244A /* Release */,
			);
			defaultConfigurationIsVisible = 0;
			defaultConfigurationName = Release;
		};
		760B8A32B45FDF7F9B7E8EA4 /* Build configuration list for PBXNativeTarget "SundeeFundeeTests" */ = {
			isa = XCConfigurationList;
			buildConfigurations = (
				B9DCDE05A6646AA78EA7B607 /* Debug */,
				D6129B3BED8A16713A5A7C54 /* Release */,
			);
			defaultConfigurationIsVisible = 0;
			defaultConfigurationName = Release;
		};
		79EC31CDDDB335CD6E0033B8 /* Build configuration list for PBXProject "SundeeFundee" */ = {
			isa = XCConfigurationList;
			buildConfigurations = (
				BABDF7F7ECA08BF270B2BB3F /* Debug */,
				00785899C87890E23E6F59A0 /* Release */,
			);
			defaultConfigurationIsVisible = 0;
			defaultConfigurationName = Release;
		};
		F1454FE610F6C6B5F73CE2E0 /* Build configuration list for PBXNativeTarget "SundeeFundee" */ = {
			isa = XCConfigurationList;
			buildConfigurations = (
				60B93AE946F8181060D7B08E /* Debug */,
				A142C9D634AC0FF202EFC222 /* Release */,
			);
			defaultConfigurationIsVisible = 0;
			defaultConfigurationName = Release;
		};
/* End XCConfigurationList section */

/* Begin XCLocalSwiftPackageReference section */
		69102DE9DBE0E8D5BC8D34F6 /* XCLocalSwiftPackageReference "../SundeeFundee" */ = {
			isa = XCLocalSwiftPackageReference;
			relativePath = ../SundeeFundee;
		};
/* End XCLocalSwiftPackageReference section */

/* Begin XCSwiftPackageProductDependency section */
		0344363F4B100A32D7BC231D /* SundeeFundeeKit */ = {
			isa = XCSwiftPackageProductDependency;
			productName = SundeeFundeeKit;
		};
		641F11E52B68F0FAA926FA13 /* SundeeFundeeKit */ = {
			isa = XCSwiftPackageProductDependency;
			productName = SundeeFundeeKit;
		};
		E5D818355C15FD611DF98B2C /* SundeeFundeeKit */ = {
			isa = XCSwiftPackageProductDependency;
			productName = SundeeFundeeKit;
		};
/* End XCSwiftPackageProductDependency section */
	};
	rootObject = A23AA027FBDBC591792DA380 /* Project object */;
}
